
Microsoft Visual Studio Solution File, Format Version 11.00
# Visual Studio 2010
Project("{FAE04EC0-301F-11D3-BF4B-00C04F79EFBC}") = "Assembly-CSharp", "Assembly-CSharp.csproj", "{22E30501-3AC4-0A8D-C7BC-A8BC688ADCC5}"
EndProject
Project("{FAE04EC0-301F-11D3-BF4B-00C04F79EFBC}") = "Assembly-CSharp-Editor", "Assembly-CSharp-Editor.csproj", "{D9098655-6F2C-0430-7AC6-17EEA34684EF}"
EndProject
Global
	GlobalSection(SolutionConfigurationPlatforms) = preSolution
		Debug|Any CPU = Debug|Any CPU
		Release|Any CPU = Release|Any CPU
	EndGlobalSection
	GlobalSection(ProjectConfigurationPlatforms) = postSolution
		{22E30501-3AC4-0A8D-C7BC-A8BC688ADCC5}.Debug|Any CPU.ActiveCfg = Debug|Any CPU
		{22E30501-3AC4-0A8D-C7BC-A8BC688ADCC5}.Debug|Any CPU.Build.0 = Debug|Any CPU
		{22E30501-3AC4-0A8D-C7BC-A8BC688ADCC5}.Release|Any CPU.ActiveCfg = Release|Any CPU
		{22E30501-3AC4-0A8D-C7BC-A8BC688ADCC5}.Release|Any CPU.Build.0 = Release|Any CPU
		{D9098655-6F2C-0430-7AC6-17EEA34684EF}.Debug|Any CPU.ActiveCfg = Debug|Any CPU
		{D9098655-6F2C-0430-7AC6-17EEA34684EF}.Debug|Any CPU.Build.0 = Debug|Any CPU
		{D9098655-6F2C-0430-7AC6-17EEA34684EF}.Release|Any CPU.ActiveCfg = Release|Any CPU
		{D9098655-6F2C-0430-7AC6-17EEA34684EF}.Release|Any CPU.Build.0 = Release|Any CPU
	EndGlobalSection
	GlobalSection(SolutionProperties) = preSolution
		HideSolutionNode = FALSE
	EndGlobalSection
	GlobalSection(MonoDevelopProperties) = preSolution
		StartupItem = Assembly-CSharp.csproj
	EndGlobalSection
EndGlobal
